<?xml version="1.0" encoding="utf-8"?>
<Project ToolsVersion="4.0" xmlns="http://schemas.microsoft.com/developer/msbuild/2003">
  <ItemGroup>
    <Filter Include="Source Files">
      <UniqueIdentifier>{5467dd49-ff5e-4be4-93ad-8291721fc00d}</UniqueIdentifier>
      <Extensions>cpp;c;cxx;def;odl;idl;hpj;bat;asm</Extensions>
    </Filter>
    <Filter Include="Resource Files">
      <UniqueIdentifier>{142a5325-573c-4fde-9d8f-af10cb6e28e5}</UniqueIdentifier>
      <Extensions>rc;ico;cur;bmp;dlg;rc2;rct;bin;rgs;gif;jpg;jpeg;jpe</Extensions>
    </Filter>
    <Filter Include="Source Files\api">
      <UniqueIdentifier>{363d4ce3-41b8-4b23-8739-7618a5da0345}</UniqueIdentifier>
    </Filter>
  </ItemGroup>
  <ItemGroup>
    <ClInclude Include="..\src\plugin\mupen64plus\api\m64p_common.h">
      <Filter>Source Files\api</Filter>
    </ClInclude>
    <ClInclude Include="..\src\plugin\mupen64plus\api\m64p_config.h">
      <Filter>Source Files\api</Filter>
    </ClInclude>
    <ClInclude Include="..\src\plugin\mupen64plus\api\m64p_plugin.h">
      <Filter>Source Files\api</Filter>
    </ClInclude>
    <ClInclude Include="..\src\plugin\mupen64plus\api\m64p_types.h">
      <Filter>Source Files\api</Filter>
    </ClInclude>
    <ClInclude Include="..\src\plugin\mupen64plus\api\m64p_vidext.h">
      <Filter>Source Files\api</Filter>
    </ClInclude>
    <ClInclude Include="..\src\plugin\mupen64plus\gfx_m64p.h">
      <Filter>Source Files</Filter>
    </ClInclude>
  </ItemGroup>
  <ItemGroup>
    <ClCompile Include="..\src\plugin\mupen64plus\gfx_m64p.c">
      <Filter>Source Files</Filter>
    </ClCompile>
    <ClCompile Include="..\src\plugin\mupen64plus\msg.c">
      <Filter>Source Files</Filter>
    </ClCompile>
    <ClCompile Include="..\src\plugin\mupen64plus\screen.c">
      <Filter>Source Files</Filter>
    </ClCompile>
  </ItemGroup>
</Project>